
Microsoft Visual Studio Solution File, Format Version 12.00
# Visual Studio Version 17
VisualStudioVersion = 17.3.32929.385
MinimumVisualStudioVersion = 10.0.40219.1
Project("{9A19103F-16F7-4668-BE54-9A1E7A4F7556}") = "Leapyear", "Tasktwo\Leapyear.csproj", "{1CE6DE1E-E012-4DB2-BFEC-81BF9FDB0BC5}"
EndProject
Project("{9A19103F-16F7-4668-BE54-9A1E7A4F7556}") = "Encryptor", "Encryptor\Encryptor.csproj", "{A405412E-1637-44ED-B240-ACE59D79B9E1}"
EndProject
Project("{9A19103F-16F7-4668-BE54-9A1E7A4F7556}") = "PigLatin", "PigLatin\PigLatin.csproj", "{C772345F-9679-4C0A-920F-EB8BBFB8E947}"
EndProject
Project("{FAE04EC0-301F-11D3-BF4B-00C04F79EFBC}") = "Guessingame", "Guessingame\Guessingame.csproj", "{6E584363-198A-43ED-972D-A6B1B2E57EF0}"
EndProject
Project("{FAE04EC0-301F-11D3-BF4B-00C04F79EFBC}") = "Wordconversion", "Wordconversion\Wordconversion.csproj", "{3040CC3F-A75D-4322-BFD7-5281F9F9771A}"
EndProject
Global
	GlobalSection(SolutionConfigurationPlatforms) = preSolution
		Debug|Any CPU = Debug|Any CPU
		Release|Any CPU = Release|Any CPU
	EndGlobalSection
	GlobalSection(ProjectConfigurationPlatforms) = postSolution
		{1CE6DE1E-E012-4DB2-BFEC-81BF9FDB0BC5}.Debug|Any CPU.ActiveCfg = Debug|Any CPU
		{1CE6DE1E-E012-4DB2-BFEC-81BF9FDB0BC5}.Debug|Any CPU.Build.0 = Debug|Any CPU
		{1CE6DE1E-E012-4DB2-BFEC-81BF9FDB0BC5}.Release|Any CPU.ActiveCfg = Release|Any CPU
		{1CE6DE1E-E012-4DB2-BFEC-81BF9FDB0BC5}.Release|Any CPU.Build.0 = Release|Any CPU
		{A405412E-1637-44ED-B240-ACE59D79B9E1}.Debug|Any CPU.ActiveCfg = Debug|Any CPU
		{A405412E-1637-44ED-B240-ACE59D79B9E1}.Debug|Any CPU.Build.0 = Debug|Any CPU
		{A405412E-1637-44ED-B240-ACE59D79B9E1}.Release|Any CPU.ActiveCfg = Release|Any CPU
		{A405412E-1637-44ED-B240-ACE59D79B9E1}.Release|Any CPU.Build.0 = Release|Any CPU
		{C772345F-9679-4C0A-920F-EB8BBFB8E947}.Debug|Any CPU.ActiveCfg = Debug|Any CPU
		{C772345F-9679-4C0A-920F-EB8BBFB8E947}.Debug|Any CPU.Build.0 = Debug|Any CPU
		{C772345F-9679-4C0A-920F-EB8BBFB8E947}.Release|Any CPU.ActiveCfg = Release|Any CPU
		{C772345F-9679-4C0A-920F-EB8BBFB8E947}.Release|Any CPU.Build.0 = Release|Any CPU
		{6E584363-198A-43ED-972D-A6B1B2E57EF0}.Debug|Any CPU.ActiveCfg = Debug|Any CPU
		{6E584363-198A-43ED-972D-A6B1B2E57EF0}.Debug|Any CPU.Build.0 = Debug|Any CPU
		{6E584363-198A-43ED-972D-A6B1B2E57EF0}.Release|Any CPU.ActiveCfg = Release|Any CPU
		{6E584363-198A-43ED-972D-A6B1B2E57EF0}.Release|Any CPU.Build.0 = Release|Any CPU
		{3040CC3F-A75D-4322-BFD7-5281F9F9771A}.Debug|Any CPU.ActiveCfg = Debug|Any CPU
		{3040CC3F-A75D-4322-BFD7-5281F9F9771A}.Debug|Any CPU.Build.0 = Debug|Any CPU
		{3040CC3F-A75D-4322-BFD7-5281F9F9771A}.Release|Any CPU.ActiveCfg = Release|Any CPU
		{3040CC3F-A75D-4322-BFD7-5281F9F9771A}.Release|Any CPU.Build.0 = Release|Any CPU
	EndGlobalSection
	GlobalSection(SolutionProperties) = preSolution
		HideSolutionNode = FALSE
	EndGlobalSection
	GlobalSection(ExtensibilityGlobals) = postSolution
		SolutionGuid = {80EDC11D-355D-4EC0-9DC6-4F187B493E53}
	EndGlobalSection
EndGlobal
